
Microsoft Visual Studio Solution File, Format Version 12.00
# Visual Studio Version 17
VisualStudioVersion = 17.7.34018.315
MinimumVisualStudioVersion = 10.0.40219.1
Project("{9A19103F-16F7-4668-BE54-9A1E7A4F7556}") = "NinjaProject", "NinjaProject\NinjaProject.csproj", "{2EBAD621-CE67-43DA-A2B4-D623A69D8C6E}"
EndProject
Project("{FAE04EC0-301F-11D3-BF4B-00C04F79EFBC}") = "NinjaLibrary", "NinjaLibrary\NinjaLibrary.csproj", "{662D6DA0-8C7D-4F16-84B5-9406766B009C}"
EndProject
Global
	GlobalSection(SolutionConfigurationPlatforms) = preSolution
		Debug|Any CPU = Debug|Any CPU
		Release|Any CPU = Release|Any CPU
	EndGlobalSection
	GlobalSection(ProjectConfigurationPlatforms) = postSolution
		{2EBAD621-CE67-43DA-A2B4-D623A69D8C6E}.Debug|Any CPU.ActiveCfg = Debug|Any CPU
		{2EBAD621-CE67-43DA-A2B4-D623A69D8C6E}.Debug|Any CPU.Build.0 = Debug|Any CPU
		{2EBAD621-CE67-43DA-A2B4-D623A69D8C6E}.Release|Any CPU.ActiveCfg = Release|Any CPU
		{2EBAD621-CE67-43DA-A2B4-D623A69D8C6E}.Release|Any CPU.Build.0 = Release|Any CPU
		{662D6DA0-8C7D-4F16-84B5-9406766B009C}.Debug|Any CPU.ActiveCfg = Debug|Any CPU
		{662D6DA0-8C7D-4F16-84B5-9406766B009C}.Debug|Any CPU.Build.0 = Debug|Any CPU
		{662D6DA0-8C7D-4F16-84B5-9406766B009C}.Release|Any CPU.ActiveCfg = Release|Any CPU
		{662D6DA0-8C7D-4F16-84B5-9406766B009C}.Release|Any CPU.Build.0 = Release|Any CPU
	EndGlobalSection
	GlobalSection(SolutionProperties) = preSolution
		HideSolutionNode = FALSE
	EndGlobalSection
	GlobalSection(ExtensibilityGlobals) = postSolution
		SolutionGuid = {E8D49532-D7EA-4F0A-AE0D-DE61B469748D}
	EndGlobalSection
EndGlobal
